
Microsoft Visual Studio Solution File, Format Version 12.00
# Visual Studio Version 17
VisualStudioVersion = 17.9.34728.123
MinimumVisualStudioVersion = 10.0.40219.1
Project("{FAE04EC0-301F-11D3-BF4B-00C04F79EFBC}") = "C-Sharp_Basics", "C-Sharp_Basics\C-Sharp_Basics.csproj", "{360EBA2A-1F15-4AB4-BD82-A9884748DFEE}"
EndProject
Project("{FAE04EC0-301F-11D3-BF4B-00C04F79EFBC}") = "Flashing_Text", "Flashing_Text\Flashing_Text.csproj", "{DA6EDCBB-B6A3-4B62-85BA-7F12B8374DC7}"
EndProject
Project("{FAE04EC0-301F-11D3-BF4B-00C04F79EFBC}") = "Flashing_Text-Random_Lines", "Flashing_Text_and_somfing_else\Flashing_Text-Random_Lines.csproj", "{D28F8F11-5CEE-437F-8627-7DA583FAAC30}"
EndProject
Global
	GlobalSection(SolutionConfigurationPlatforms) = preSolution
		Debug|Any CPU = Debug|Any CPU
		Release|Any CPU = Release|Any CPU
	EndGlobalSection
	GlobalSection(ProjectConfigurationPlatforms) = postSolution
		{360EBA2A-1F15-4AB4-BD82-A9884748DFEE}.Debug|Any CPU.ActiveCfg = Debug|Any CPU
		{360EBA2A-1F15-4AB4-BD82-A9884748DFEE}.Debug|Any CPU.Build.0 = Debug|Any CPU
		{360EBA2A-1F15-4AB4-BD82-A9884748DFEE}.Release|Any CPU.ActiveCfg = Release|Any CPU
		{360EBA2A-1F15-4AB4-BD82-A9884748DFEE}.Release|Any CPU.Build.0 = Release|Any CPU
		{DA6EDCBB-B6A3-4B62-85BA-7F12B8374DC7}.Debug|Any CPU.ActiveCfg = Debug|Any CPU
		{DA6EDCBB-B6A3-4B62-85BA-7F12B8374DC7}.Debug|Any CPU.Build.0 = Debug|Any CPU
		{DA6EDCBB-B6A3-4B62-85BA-7F12B8374DC7}.Release|Any CPU.ActiveCfg = Release|Any CPU
		{DA6EDCBB-B6A3-4B62-85BA-7F12B8374DC7}.Release|Any CPU.Build.0 = Release|Any CPU
		{D28F8F11-5CEE-437F-8627-7DA583FAAC30}.Debug|Any CPU.ActiveCfg = Debug|Any CPU
		{D28F8F11-5CEE-437F-8627-7DA583FAAC30}.Debug|Any CPU.Build.0 = Debug|Any CPU
		{D28F8F11-5CEE-437F-8627-7DA583FAAC30}.Release|Any CPU.ActiveCfg = Release|Any CPU
		{D28F8F11-5CEE-437F-8627-7DA583FAAC30}.Release|Any CPU.Build.0 = Release|Any CPU
	EndGlobalSection
	GlobalSection(SolutionProperties) = preSolution
		HideSolutionNode = FALSE
	EndGlobalSection
	GlobalSection(ExtensibilityGlobals) = postSolution
		SolutionGuid = {A73D0F77-B4F6-46A2-9ACB-9463EA5EB700}
	EndGlobalSection
EndGlobal
